
Microsoft Visual Studio Solution File, Format Version 12.00
# Visual Studio Version 17
VisualStudioVersion = 17.14.36705.20 d17.14
MinimumVisualStudioVersion = 10.0.40219.1
Project("{FAE04EC0-301F-11D3-BF4B-00C04F79EFBC}") = "ChatClean", "ChatClean\ChatClean.csproj", "{952AECFE-AB98-4D5F-8DC6-BA3785D9B274}"
EndProject
Global
	GlobalSection(SolutionConfigurationPlatforms) = preSolution
		Debug|Any CPU = Debug|Any CPU
		Release|Any CPU = Release|Any CPU
	EndGlobalSection
	GlobalSection(ProjectConfigurationPlatforms) = postSolution
		{952AECFE-AB98-4D5F-8DC6-BA3785D9B274}.Debug|Any CPU.ActiveCfg = Debug|Any CPU
		{952AECFE-AB98-4D5F-8DC6-BA3785D9B274}.Debug|Any CPU.Build.0 = Debug|Any CPU
		{952AECFE-AB98-4D5F-8DC6-BA3785D9B274}.Release|Any CPU.ActiveCfg = Release|Any CPU
		{952AECFE-AB98-4D5F-8DC6-BA3785D9B274}.Release|Any CPU.Build.0 = Release|Any CPU
	EndGlobalSection
	GlobalSection(SolutionProperties) = preSolution
		HideSolutionNode = FALSE
	EndGlobalSection
	GlobalSection(ExtensibilityGlobals) = postSolution
		SolutionGuid = {BEE7AB48-8E9B-49BD-B944-5A7093916BDD}
	EndGlobalSection
EndGlobal
